
Microsoft Visual Studio Solution File, Format Version 12.00
# Visual Studio Version 16
VisualStudioVersion = 16.0.31729.503
MinimumVisualStudioVersion = 10.0.40219.1
Project("{FAE04EC0-301F-11D3-BF4B-00C04F79EFBC}") = "WindowsFormsPaint", "WindowsFormsPaint\WindowsFormsPaint.csproj", "{08BEB60C-102E-40BC-A08C-04F69838AEA9}"
EndProject
Global
	GlobalSection(SolutionConfigurationPlatforms) = preSolution
		Debug|Any CPU = Debug|Any CPU
		Release|Any CPU = Release|Any CPU
	EndGlobalSection
	GlobalSection(ProjectConfigurationPlatforms) = postSolution
		{08BEB60C-102E-40BC-A08C-04F69838AEA9}.Debug|Any CPU.ActiveCfg = Debug|Any CPU
		{08BEB60C-102E-40BC-A08C-04F69838AEA9}.Debug|Any CPU.Build.0 = Debug|Any CPU
		{08BEB60C-102E-40BC-A08C-04F69838AEA9}.Release|Any CPU.ActiveCfg = Release|Any CPU
		{08BEB60C-102E-40BC-A08C-04F69838AEA9}.Release|Any CPU.Build.0 = Release|Any CPU
	EndGlobalSection
	GlobalSection(SolutionProperties) = preSolution
		HideSolutionNode = FALSE
	EndGlobalSection
	GlobalSection(ExtensibilityGlobals) = postSolution
		SolutionGuid = {CF3BE783-E69A-47D4-9B48-DE0CB8C5E3D6}
	EndGlobalSection
EndGlobal
